
Microsoft Visual Studio Solution File, Format Version 12.00
# Visual Studio Version 17
VisualStudioVersion = 17.3.32519.111
MinimumVisualStudioVersion = 10.0.40219.1
Project("{9A19103F-16F7-4668-BE54-9A1E7A4F7556}") = "CrudDemo.Api", "CrudDemo.Api\CrudDemo.Api.csproj", "{CBDE5D49-0943-4324-8ED4-828E0475471F}"
EndProject
Project("{9A19103F-16F7-4668-BE54-9A1E7A4F7556}") = "CrudDemo.Servico", "CrudDemo.Servico\CrudDemo.Servico.csproj", "{B6621401-4C22-4882-8CC3-010F3B962968}"
EndProject
Project("{9A19103F-16F7-4668-BE54-9A1E7A4F7556}") = "CrudDemo.Dominio", "CrudDemo.Dominio\CrudDemo.Dominio.csproj", "{02F2727A-206C-4CD7-BA2A-7E66842660A5}"
EndProject
Project("{9A19103F-16F7-4668-BE54-9A1E7A4F7556}") = "CrudDemo.Infraestrutura", "CrudDemo.Infraestrutura\CrudDemo.Infraestrutura.csproj", "{ECEB0F83-ABBA-4267-B440-E5B9CED70738}"
EndProject
Project("{FAE04EC0-301F-11D3-BF4B-00C04F79EFBC}") = "CrudDemo.Test", "CrudDemo.Test\CrudDemo.Test.csproj", "{BB9E267E-36BF-45D3-8D13-F40B9668059E}"
EndProject
Project("{FAE04EC0-301F-11D3-BF4B-00C04F79EFBC}") = "CrudDemo.IoC", "CrudDemo.IoC\CrudDemo.IoC.csproj", "{AED3585D-E596-468B-AC8C-164CD0E6E7B7}"
EndProject
Global
	GlobalSection(SolutionConfigurationPlatforms) = preSolution
		Debug|Any CPU = Debug|Any CPU
		Release|Any CPU = Release|Any CPU
	EndGlobalSection
	GlobalSection(ProjectConfigurationPlatforms) = postSolution
		{CBDE5D49-0943-4324-8ED4-828E0475471F}.Debug|Any CPU.ActiveCfg = Debug|Any CPU
		{CBDE5D49-0943-4324-8ED4-828E0475471F}.Debug|Any CPU.Build.0 = Debug|Any CPU
		{CBDE5D49-0943-4324-8ED4-828E0475471F}.Release|Any CPU.ActiveCfg = Release|Any CPU
		{CBDE5D49-0943-4324-8ED4-828E0475471F}.Release|Any CPU.Build.0 = Release|Any CPU
		{B6621401-4C22-4882-8CC3-010F3B962968}.Debug|Any CPU.ActiveCfg = Debug|Any CPU
		{B6621401-4C22-4882-8CC3-010F3B962968}.Debug|Any CPU.Build.0 = Debug|Any CPU
		{B6621401-4C22-4882-8CC3-010F3B962968}.Release|Any CPU.ActiveCfg = Release|Any CPU
		{B6621401-4C22-4882-8CC3-010F3B962968}.Release|Any CPU.Build.0 = Release|Any CPU
		{02F2727A-206C-4CD7-BA2A-7E66842660A5}.Debug|Any CPU.ActiveCfg = Debug|Any CPU
		{02F2727A-206C-4CD7-BA2A-7E66842660A5}.Debug|Any CPU.Build.0 = Debug|Any CPU
		{02F2727A-206C-4CD7-BA2A-7E66842660A5}.Release|Any CPU.ActiveCfg = Release|Any CPU
		{02F2727A-206C-4CD7-BA2A-7E66842660A5}.Release|Any CPU.Build.0 = Release|Any CPU
		{ECEB0F83-ABBA-4267-B440-E5B9CED70738}.Debug|Any CPU.ActiveCfg = Debug|Any CPU
		{ECEB0F83-ABBA-4267-B440-E5B9CED70738}.Debug|Any CPU.Build.0 = Debug|Any CPU
		{ECEB0F83-ABBA-4267-B440-E5B9CED70738}.Release|Any CPU.ActiveCfg = Release|Any CPU
		{ECEB0F83-ABBA-4267-B440-E5B9CED70738}.Release|Any CPU.Build.0 = Release|Any CPU
		{BB9E267E-36BF-45D3-8D13-F40B9668059E}.Debug|Any CPU.ActiveCfg = Debug|Any CPU
		{BB9E267E-36BF-45D3-8D13-F40B9668059E}.Debug|Any CPU.Build.0 = Debug|Any CPU
		{BB9E267E-36BF-45D3-8D13-F40B9668059E}.Release|Any CPU.ActiveCfg = Release|Any CPU
		{BB9E267E-36BF-45D3-8D13-F40B9668059E}.Release|Any CPU.Build.0 = Release|Any CPU
		{AED3585D-E596-468B-AC8C-164CD0E6E7B7}.Debug|Any CPU.ActiveCfg = Debug|Any CPU
		{AED3585D-E596-468B-AC8C-164CD0E6E7B7}.Debug|Any CPU.Build.0 = Debug|Any CPU
		{AED3585D-E596-468B-AC8C-164CD0E6E7B7}.Release|Any CPU.ActiveCfg = Release|Any CPU
		{AED3585D-E596-468B-AC8C-164CD0E6E7B7}.Release|Any CPU.Build.0 = Release|Any CPU
	EndGlobalSection
	GlobalSection(SolutionProperties) = preSolution
		HideSolutionNode = FALSE
	EndGlobalSection
	GlobalSection(ExtensibilityGlobals) = postSolution
		SolutionGuid = {1655BB5F-A482-4E41-AE41-9D1D7B0DA548}
	EndGlobalSection
EndGlobal
